
Microsoft Visual Studio Solution File, Format Version 12.00
# Visual Studio Version 17
VisualStudioVersion = 17.4.34302.79
MinimumVisualStudioVersion = 10.0.40219.1
Project("{FAE04EC0-301F-11D3-BF4B-00C04F79EFBC}") = "DemoTestProject", "DemoTestProject\DemoTestProject.csproj", "{B6FDD2C1-199D-49D8-895D-6527634AB7BD}"
EndProject
Global
	GlobalSection(SolutionConfigurationPlatforms) = preSolution
		Debug|Any CPU = Debug|Any CPU
		Release|Any CPU = Release|Any CPU
	EndGlobalSection
	GlobalSection(ProjectConfigurationPlatforms) = postSolution
		{B6FDD2C1-199D-49D8-895D-6527634AB7BD}.Debug|Any CPU.ActiveCfg = Debug|Any CPU
		{B6FDD2C1-199D-49D8-895D-6527634AB7BD}.Debug|Any CPU.Build.0 = Debug|Any CPU
		{B6FDD2C1-199D-49D8-895D-6527634AB7BD}.Release|Any CPU.ActiveCfg = Release|Any CPU
		{B6FDD2C1-199D-49D8-895D-6527634AB7BD}.Release|Any CPU.Build.0 = Release|Any CPU
	EndGlobalSection
	GlobalSection(SolutionProperties) = preSolution
		HideSolutionNode = FALSE
	EndGlobalSection
	GlobalSection(ExtensibilityGlobals) = postSolution
		SolutionGuid = {CF5DA41D-AEB8-49F4-8D93-31E5E6FC1AC0}
	EndGlobalSection
EndGlobal
